
Microsoft Visual Studio Solution File, Format Version 12.00
# Visual Studio 15
VisualStudioVersion = 15.0.28307.645
MinimumVisualStudioVersion = 10.0.40219.1
Project("{FAE04EC0-301F-11D3-BF4B-00C04F79EFBC}") = "InMyMonitor", "InMyMonitor.csproj", "{EBD20413-8510-4BAB-9831-A068433265D0}"
EndProject
Global
	GlobalSection(SolutionConfigurationPlatforms) = preSolution
		Debug|Any CPU = Debug|Any CPU
		Release|Any CPU = Release|Any CPU
	EndGlobalSection
	GlobalSection(ProjectConfigurationPlatforms) = postSolution
		{EBD20413-8510-4BAB-9831-A068433265D0}.Debug|Any CPU.ActiveCfg = Debug|Any CPU
		{EBD20413-8510-4BAB-9831-A068433265D0}.Debug|Any CPU.Build.0 = Debug|Any CPU
		{EBD20413-8510-4BAB-9831-A068433265D0}.Release|Any CPU.ActiveCfg = Release|Any CPU
		{EBD20413-8510-4BAB-9831-A068433265D0}.Release|Any CPU.Build.0 = Release|Any CPU
	EndGlobalSection
	GlobalSection(SolutionProperties) = preSolution
		HideSolutionNode = FALSE
	EndGlobalSection
	GlobalSection(ExtensibilityGlobals) = postSolution
		SolutionGuid = {8AB54D2D-7C9F-4194-9C54-6C15E13CC7EB}
	EndGlobalSection
EndGlobal
